
Microsoft Visual Studio Solution File, Format Version 12.00
# Visual Studio 15
VisualStudioVersion = 15.0.26730.16
MinimumVisualStudioVersion = 10.0.40219.1
Project("{FAE04EC0-301F-11D3-BF4B-00C04F79EFBC}") = "WordMailMerge", "WordMailMerge\WordMailMerge.csproj", "{3A55A11D-C770-4008-BAC7-D7124E13970E}"
EndProject
Project("{FAE04EC0-301F-11D3-BF4B-00C04F79EFBC}") = "MergeRunner", "MergeRunner\MergeRunner.csproj", "{4AFBEB71-F203-415E-8189-7EF341145553}"
EndProject
Global
	GlobalSection(SolutionConfigurationPlatforms) = preSolution
		Debug|Any CPU = Debug|Any CPU
		Release|Any CPU = Release|Any CPU
	EndGlobalSection
	GlobalSection(ProjectConfigurationPlatforms) = postSolution
		{3A55A11D-C770-4008-BAC7-D7124E13970E}.Debug|Any CPU.ActiveCfg = Debug|Any CPU
		{3A55A11D-C770-4008-BAC7-D7124E13970E}.Debug|Any CPU.Build.0 = Debug|Any CPU
		{3A55A11D-C770-4008-BAC7-D7124E13970E}.Release|Any CPU.ActiveCfg = Release|Any CPU
		{3A55A11D-C770-4008-BAC7-D7124E13970E}.Release|Any CPU.Build.0 = Release|Any CPU
		{4AFBEB71-F203-415E-8189-7EF341145553}.Debug|Any CPU.ActiveCfg = Debug|Any CPU
		{4AFBEB71-F203-415E-8189-7EF341145553}.Debug|Any CPU.Build.0 = Debug|Any CPU
		{4AFBEB71-F203-415E-8189-7EF341145553}.Release|Any CPU.ActiveCfg = Release|Any CPU
		{4AFBEB71-F203-415E-8189-7EF341145553}.Release|Any CPU.Build.0 = Release|Any CPU
	EndGlobalSection
	GlobalSection(SolutionProperties) = preSolution
		HideSolutionNode = FALSE
	EndGlobalSection
	GlobalSection(ExtensibilityGlobals) = postSolution
		SolutionGuid = {13843DD3-B3D7-4625-A43A-17C896861F1B}
	EndGlobalSection
EndGlobal
